
Microsoft Visual Studio Solution File, Format Version 12.00
# Visual Studio Version 17
VisualStudioVersion = 17.10.35013.160
MinimumVisualStudioVersion = 10.0.40219.1
Project("{9A19103F-16F7-4668-BE54-9A1E7A4F7556}") = "User.ManagementAPI", "User.ManagementAPI\User.ManagementAPI.csproj", "{8E4F6508-CFC8-4E6E-B966-89EA001B4C6B}"
EndProject
Project("{FAE04EC0-301F-11D3-BF4B-00C04F79EFBC}") = "User.Management.Service", "User.Management.Service\User.Management.Service.csproj", "{C756BE40-A273-4707-8551-3EE3D74B494E}"
EndProject
Global
	GlobalSection(SolutionConfigurationPlatforms) = preSolution
		Debug|Any CPU = Debug|Any CPU
		Release|Any CPU = Release|Any CPU
	EndGlobalSection
	GlobalSection(ProjectConfigurationPlatforms) = postSolution
		{8E4F6508-CFC8-4E6E-B966-89EA001B4C6B}.Debug|Any CPU.ActiveCfg = Debug|Any CPU
		{8E4F6508-CFC8-4E6E-B966-89EA001B4C6B}.Debug|Any CPU.Build.0 = Debug|Any CPU
		{8E4F6508-CFC8-4E6E-B966-89EA001B4C6B}.Release|Any CPU.ActiveCfg = Release|Any CPU
		{8E4F6508-CFC8-4E6E-B966-89EA001B4C6B}.Release|Any CPU.Build.0 = Release|Any CPU
		{C756BE40-A273-4707-8551-3EE3D74B494E}.Debug|Any CPU.ActiveCfg = Debug|Any CPU
		{C756BE40-A273-4707-8551-3EE3D74B494E}.Debug|Any CPU.Build.0 = Debug|Any CPU
		{C756BE40-A273-4707-8551-3EE3D74B494E}.Release|Any CPU.ActiveCfg = Release|Any CPU
		{C756BE40-A273-4707-8551-3EE3D74B494E}.Release|Any CPU.Build.0 = Release|Any CPU
	EndGlobalSection
	GlobalSection(SolutionProperties) = preSolution
		HideSolutionNode = FALSE
	EndGlobalSection
	GlobalSection(ExtensibilityGlobals) = postSolution
		SolutionGuid = {BEF2D402-0B87-43CE-A5EF-9DAC60AF1D04}
	EndGlobalSection
EndGlobal
